
Microsoft Visual Studio Solution File, Format Version 11.00
# Visual Studio 2010
Project("{FAE04EC0-301F-11D3-BF4B-00C04F79EFBC}") = "B32Assembler", "B32Assembler\B32Assembler.csproj", "{63C1D11F-AA72-4D64-9CB9-8C899F20E419}"
EndProject
Global
	GlobalSection(SolutionConfigurationPlatforms) = preSolution
		Debug|x86 = Debug|x86
		Release|x86 = Release|x86
	EndGlobalSection
	GlobalSection(ProjectConfigurationPlatforms) = postSolution
		{63C1D11F-AA72-4D64-9CB9-8C899F20E419}.Debug|x86.ActiveCfg = Debug|x86
		{63C1D11F-AA72-4D64-9CB9-8C899F20E419}.Debug|x86.Build.0 = Debug|x86
		{63C1D11F-AA72-4D64-9CB9-8C899F20E419}.Release|x86.ActiveCfg = Release|x86
		{63C1D11F-AA72-4D64-9CB9-8C899F20E419}.Release|x86.Build.0 = Release|x86
	EndGlobalSection
	GlobalSection(SolutionProperties) = preSolution
		HideSolutionNode = FALSE
	EndGlobalSection
EndGlobal
